
Microsoft Visual Studio Solution File, Format Version 12.00
# Visual Studio Version 16
VisualStudioVersion = 16.0.31410.357
MinimumVisualStudioVersion = 10.0.40219.1
Project("{FAE04EC0-301F-11D3-BF4B-00C04F79EFBC}") = "PROAGRO", "PROAGRO\PROAGRO.csproj", "{7F7296B9-2167-439C-BD1E-13B9CCEEA57B}"
EndProject
Global
	GlobalSection(SolutionConfigurationPlatforms) = preSolution
		Debug|Any CPU = Debug|Any CPU
		Release|Any CPU = Release|Any CPU
	EndGlobalSection
	GlobalSection(ProjectConfigurationPlatforms) = postSolution
		{7F7296B9-2167-439C-BD1E-13B9CCEEA57B}.Debug|Any CPU.ActiveCfg = Debug|Any CPU
		{7F7296B9-2167-439C-BD1E-13B9CCEEA57B}.Debug|Any CPU.Build.0 = Debug|Any CPU
		{7F7296B9-2167-439C-BD1E-13B9CCEEA57B}.Release|Any CPU.ActiveCfg = Release|Any CPU
		{7F7296B9-2167-439C-BD1E-13B9CCEEA57B}.Release|Any CPU.Build.0 = Release|Any CPU
	EndGlobalSection
	GlobalSection(SolutionProperties) = preSolution
		HideSolutionNode = FALSE
	EndGlobalSection
	GlobalSection(ExtensibilityGlobals) = postSolution
		SolutionGuid = {ACDC7416-78FB-40A1-96C7-CB3959C08D33}
	EndGlobalSection
EndGlobal
